
Microsoft Visual Studio Solution File, Format Version 12.00
# Visual Studio Version 17
VisualStudioVersion = 17.0.32014.148
MinimumVisualStudioVersion = 10.0.40219.1
Project("{FAE04EC0-301F-11D3-BF4B-00C04F79EFBC}") = "final_643450321-2_นายก้องภพ ตาดี", "final_643450321-2_นายก้องภพ ตาดี\final_643450321-2_นายก้องภพ ตาดี.csproj", "{DAB59AE8-A68C-45E2-B868-57811714C604}"
EndProject
Global
	GlobalSection(SolutionConfigurationPlatforms) = preSolution
		Debug|Any CPU = Debug|Any CPU
		Release|Any CPU = Release|Any CPU
	EndGlobalSection
	GlobalSection(ProjectConfigurationPlatforms) = postSolution
		{DAB59AE8-A68C-45E2-B868-57811714C604}.Debug|Any CPU.ActiveCfg = Debug|Any CPU
		{DAB59AE8-A68C-45E2-B868-57811714C604}.Debug|Any CPU.Build.0 = Debug|Any CPU
		{DAB59AE8-A68C-45E2-B868-57811714C604}.Release|Any CPU.ActiveCfg = Release|Any CPU
		{DAB59AE8-A68C-45E2-B868-57811714C604}.Release|Any CPU.Build.0 = Release|Any CPU
	EndGlobalSection
	GlobalSection(SolutionProperties) = preSolution
		HideSolutionNode = FALSE
	EndGlobalSection
	GlobalSection(ExtensibilityGlobals) = postSolution
		SolutionGuid = {1A1AB086-A639-430D-BE4F-809954DE3ECC}
	EndGlobalSection
EndGlobal
